
Microsoft Visual Studio Solution File, Format Version 12.00
# Visual Studio Version 17
VisualStudioVersion = 17.7.34202.233
MinimumVisualStudioVersion = 10.0.40219.1
Project("{FAE04EC0-301F-11D3-BF4B-00C04F79EFBC}") = "lab04", "lab04\lab04.csproj", "{2B5B5FFB-BBD3-4B8E-859A-FAD016090E88}"
EndProject
Global
	GlobalSection(SolutionConfigurationPlatforms) = preSolution
		Debug|Any CPU = Debug|Any CPU
		Release|Any CPU = Release|Any CPU
	EndGlobalSection
	GlobalSection(ProjectConfigurationPlatforms) = postSolution
		{2B5B5FFB-BBD3-4B8E-859A-FAD016090E88}.Debug|Any CPU.ActiveCfg = Debug|Any CPU
		{2B5B5FFB-BBD3-4B8E-859A-FAD016090E88}.Debug|Any CPU.Build.0 = Debug|Any CPU
		{2B5B5FFB-BBD3-4B8E-859A-FAD016090E88}.Release|Any CPU.ActiveCfg = Release|Any CPU
		{2B5B5FFB-BBD3-4B8E-859A-FAD016090E88}.Release|Any CPU.Build.0 = Release|Any CPU
	EndGlobalSection
	GlobalSection(SolutionProperties) = preSolution
		HideSolutionNode = FALSE
	EndGlobalSection
	GlobalSection(ExtensibilityGlobals) = postSolution
		SolutionGuid = {12661D96-8415-4E06-8BA2-0348DF3B54C0}
	EndGlobalSection
EndGlobal
