
Microsoft Visual Studio Solution File, Format Version 12.00
# Visual Studio Version 16
VisualStudioVersion = 16.0.31911.196
MinimumVisualStudioVersion = 10.0.40219.1
Project("{FAE04EC0-301F-11D3-BF4B-00C04F79EFBC}") = "XML", "XML\XML.csproj", "{C1B04AF5-EE43-44AB-BE76-55FCAB847B08}"
EndProject
Global
	GlobalSection(SolutionConfigurationPlatforms) = preSolution
		Debug|Any CPU = Debug|Any CPU
		Release|Any CPU = Release|Any CPU
	EndGlobalSection
	GlobalSection(ProjectConfigurationPlatforms) = postSolution
		{C1B04AF5-EE43-44AB-BE76-55FCAB847B08}.Debug|Any CPU.ActiveCfg = Debug|Any CPU
		{C1B04AF5-EE43-44AB-BE76-55FCAB847B08}.Debug|Any CPU.Build.0 = Debug|Any CPU
		{C1B04AF5-EE43-44AB-BE76-55FCAB847B08}.Release|Any CPU.ActiveCfg = Release|Any CPU
		{C1B04AF5-EE43-44AB-BE76-55FCAB847B08}.Release|Any CPU.Build.0 = Release|Any CPU
	EndGlobalSection
	GlobalSection(SolutionProperties) = preSolution
		HideSolutionNode = FALSE
	EndGlobalSection
	GlobalSection(ExtensibilityGlobals) = postSolution
		SolutionGuid = {644BCA52-1A43-474D-85AC-19A16447E3CD}
	EndGlobalSection
EndGlobal
